{
  "nodes": {
    "home-manager": {
      "inputs": {
        "nixpkgs": [
          "nixpkgs"
        ]
      },
      "locked": {
        "lastModified": 1645796113,
        "narHash": "sha256-s1WSYeOSIO/I/rII6H9o68naHAWieLzvtqrp8w4ggbI=",
        "owner": "nix-community",
        "repo": "home-manager",
        "rev": "662350bee2090edc82b4c162b1415f76b4eee2f3",
        "type": "github"
      },
      "original": {
        "owner": "nix-community",
        "repo": "home-manager",
        "type": "github"
      }
    },
    "nixpkgs": {
      "locked": {
        "lastModified": 1643570103,
        "narHash": "sha256-lhy96gTIYbgrziujHTkL7S8C6Nhp6wjLxehzXC7AszY=",
        "ref": "nixpkgs-unstable",
        "rev": "bcfe9b994e4235f4a63ee8445439708079be6f71",
        "revCount": 356854,
        "type": "git",
        "url": "file:///nixpkgs"
      },
      "original": {
        "id": "nixpkgs",
        "type": "indirect"
      }
    },
    "root": {
      "inputs": {
        "home-manager": "home-manager",
        "nixpkgs": "nixpkgs"
      }
    }
  },
  "root": "root",
  "version": 7
}
