version = 1
revision = 3
requires-python = ">=3.10"

[[package]]
name = "dtach-utils"
version = "0.1.0"
source = { editable = "." }

[package.optional-dependencies]
i3 = [
    { name = "i3ipc" },
]
x11 = [
    { name = "xlib" },
]

[package.metadata]
requires-dist = [
    { name = "i3ipc", marker = "extra == 'i3'", specifier = ">=2.2.1" },
    { name = "xlib", marker = "extra == 'x11'", specifier = ">=0.21" },
]
provides-extras = ["x11", "i3"]

[[package]]
name = "i3ipc"
version = "2.2.1"
source = { registry = "https://pypi.org/simple" }
dependencies = [
    { name = "python-xlib" },
]
sdist = { url = "https://files.pythonhosted.org/packages/61/f3/dfab70c888d85d3e933ff4d6b351aaed0ae137a29c896e03e364de3bec94/i3ipc-2.2.1.tar.gz", hash = "sha256:e880d7d7147959ead5cb34764f08b97b41385b36eb8256e8af1ce163dbcccce8", size = 47760, upload-time = "2020-04-05T17:25:08.666Z" }
wheels = [
    { url = "https://files.pythonhosted.org/packages/de/30/294b07ddeccb58855c890c3ef3a951c3b0c1e2d089666d548b6a9edc39fb/i3ipc-2.2.1-py3-none-any.whl", hash = "sha256:c0b898223d50d42c90c818deb5033d1304c582755547dee7d15df3e3781bc690", size = 26591, upload-time = "2020-04-05T17:25:07.338Z" },
]

[[package]]
name = "python-xlib"
version = "0.33"
source = { registry = "https://pypi.org/simple" }
dependencies = [
    { name = "six" },
]
sdist = { url = "https://files.pythonhosted.org/packages/86/f5/8c0653e5bb54e0cbdfe27bf32d41f27bc4e12faa8742778c17f2a71be2c0/python-xlib-0.33.tar.gz", hash = "sha256:55af7906a2c75ce6cb280a584776080602444f75815a7aff4d287bb2d7018b32", size = 269068, upload-time = "2022-12-25T18:53:00.824Z" }
wheels = [
    { url = "https://files.pythonhosted.org/packages/fc/b8/ff33610932e0ee81ae7f1269c890f697d56ff74b9f5b2ee5d9b7fa2c5355/python_xlib-0.33-py2.py3-none-any.whl", hash = "sha256:c3534038d42e0df2f1392a1b30a15a4ff5fdc2b86cfa94f072bf11b10a164398", size = 182185, upload-time = "2022-12-25T18:52:58.662Z" },
]

[[package]]
name = "six"
version = "1.17.0"
source = { registry = "https://pypi.org/simple" }
sdist = { url = "https://files.pythonhosted.org/packages/94/e7/b2c673351809dca68a0e064b6af791aa332cf192da575fd474ed7d6f16a2/six-1.17.0.tar.gz", hash = "sha256:ff70335d468e7eb6ec65b95b99d3a2836546063f63acc5171de367e834932a81", size = 34031, upload-time = "2024-12-04T17:35:28.174Z" }
wheels = [
    { url = "https://files.pythonhosted.org/packages/b7/ce/149a00dd41f10bc29e5921b496af8b574d8413afcd5e30dfa0ed46c2cc5e/six-1.17.0-py2.py3-none-any.whl", hash = "sha256:4721f391ed90541fddacab5acf947aa0d3dc7d27b2e1e8eda2be8970586c3274", size = 11050, upload-time = "2024-12-04T17:35:26.475Z" },
]

[[package]]
name = "xlib"
version = "0.21"
source = { registry = "https://pypi.org/simple" }
dependencies = [
    { name = "six" },
]
sdist = { url = "https://files.pythonhosted.org/packages/74/d4/6033a97f96fc7d7bb822dab52e2e3c9532256d7ce033fa9675734941b9ac/xlib-0.21.tar.gz", hash = "sha256:60b7cd5d90f5d5922d9ce27b61589c07d970796558d417461db7b66e366bc401", size = 146776, upload-time = "2018-01-02T09:39:40.149Z" }
wheels = [
    { url = "https://files.pythonhosted.org/packages/3f/00/321541273b0ed2167b36c82be9baeb0bdc8af1c11c1b01de9436b84b5eaf/xlib-0.21-py2.py3-none-any.whl", hash = "sha256:8eee67dad83ef4b82bbbfa85d51eeb20c79d12b119fe25aa1d27bd602ff82212", size = 123811, upload-time = "2018-01-02T09:39:33.518Z" },
]
